// !$*UTF8*$!
{
	archiveVersion = 1;
	classes = {
	};
	objectVersion = 50;
	objects = {

/* Begin PBXAggregateTarget section */
		8606F9BF21074198002D0ECD /* CommonCryptoModuleMap */ = {
			isa = PBXAggregateTarget;
			buildConfigurationList = 8606F9C021074198002D0ECD /* Build configuration list for PBXAggregateTarget "CommonCryptoModuleMap" */;
			buildPhases = (
				8606F9C3210741A4002D0ECD /* ShellScript */,
			);
			dependencies = (
			);
			name = CommonCryptoModuleMap;
			productName = CommonCryptoModuleMap;
		};
/* End PBXAggregateTarget section */

/* Begin PBXBuildFile section */
		4FA58001E3FCF0DDCAD3E964 /* Pods_Encryptio.framework in Frameworks */ = {isa = PBXBuildFile; fileRef = 986A1E1FB22FC473E4811DE5 /* Pods_Encryptio.framework */; };
		8606F9BB21073FF2002D0ECD /* CryptoUtils.swift in Sources */ = {isa = PBXBuildFile; fileRef = 8606F9BA21073FF2002D0ECD /* CryptoUtils.swift */; };
		8606F9C521074446002D0ECD /* CryptoEncryptDecryptUtils.swift in Sources */ = {isa = PBXBuildFile; fileRef = 8606F9C421074446002D0ECD /* CryptoEncryptDecryptUtils.swift */; };
		8606F9C72107456A002D0ECD /* DeviceUtils.swift in Sources */ = {isa = PBXBuildFile; fileRef = 8606F9C62107456A002D0ECD /* DeviceUtils.swift */; };
		8606F9C9210746D1002D0ECD /* Globals.swift in Sources */ = {isa = PBXBuildFile; fileRef = 8606F9C8210746D1002D0ECD /* Globals.swift */; };
		8606F9CB21074700002D0ECD /* KeyChainManager.swift in Sources */ = {isa = PBXBuildFile; fileRef = 8606F9CA21074700002D0ECD /* KeyChainManager.swift */; };
		863DFF2D2103B22000497E4C /* AppDelegate.swift in Sources */ = {isa = PBXBuildFile; fileRef = 863DFF2C2103B22000497E4C /* AppDelegate.swift */; };
		863DFF2F2103B22000497E4C /* ViewController.swift in Sources */ = {isa = PBXBuildFile; fileRef = 863DFF2E2103B22000497E4C /* ViewController.swift */; };
		863DFF322103B22000497E4C /* Main.storyboard in Resources */ = {isa = PBXBuildFile; fileRef = 863DFF302103B22000497E4C /* Main.storyboard */; };
		863DFF342103B22200497E4C /* Assets.xcassets in Resources */ = {isa = PBXBuildFile; fileRef = 863DFF332103B22200497E4C /* Assets.xcassets */; };
		863DFF372103B22200497E4C /* LaunchScreen.storyboard in Resources */ = {isa = PBXBuildFile; fileRef = 863DFF352103B22200497E4C /* LaunchScreen.storyboard */; };
		863DFF422103B22200497E4C /* EncryptioTests.swift in Sources */ = {isa = PBXBuildFile; fileRef = 863DFF412103B22200497E4C /* EncryptioTests.swift */; };
		863DFF4D2103B22200497E4C /* EncryptioUITests.swift in Sources */ = {isa = PBXBuildFile; fileRef = 863DFF4C2103B22200497E4C /* EncryptioUITests.swift */; };
		863DFF5B2103B2E700497E4C /* Callback.swift in Sources */ = {isa = PBXBuildFile; fileRef = 863DFF5A2103B2E700497E4C /* Callback.swift */; };
		863DFF5D2103B36C00497E4C /* RNCryptorEncryptDecryptUtils.swift in Sources */ = {isa = PBXBuildFile; fileRef = 863DFF5C2103B36C00497E4C /* RNCryptorEncryptDecryptUtils.swift */; };
		863DFF5F2103B41F00497E4C /* KeychainUtils.swift in Sources */ = {isa = PBXBuildFile; fileRef = 863DFF5E2103B41F00497E4C /* KeychainUtils.swift */; };
/* End PBXBuildFile section */

/* Begin PBXContainerItemProxy section */
		863DFF3E2103B22200497E4C /* PBXContainerItemProxy */ = {
			isa = PBXContainerItemProxy;
			containerPortal = 863DFF212103B22000497E4C /* Project object */;
			proxyType = 1;
			remoteGlobalIDString = 863DFF282103B22000497E4C;
			remoteInfo = Encryptio;
		};
		863DFF492103B22200497E4C /* PBXContainerItemProxy */ = {
			isa = PBXContainerItemProxy;
			containerPortal = 863DFF212103B22000497E4C /* Project object */;
			proxyType = 1;
			remoteGlobalIDString = 863DFF282103B22000497E4C;
			remoteInfo = Encryptio;
		};
/* End PBXContainerItemProxy section */

/* Begin PBXFileReference section */
		7770FBEC9D3E0BD09DDD4F85 /* Pods-Encryptio.release.xcconfig */ = {isa = PBXFileReference; includeInIndex = 1; lastKnownFileType = text.xcconfig; name = "Pods-Encryptio.release.xcconfig"; path = "Pods/Target Support Files/Pods-Encryptio/Pods-Encryptio.release.xcconfig"; sourceTree = "<group>"; };
		8606F9BA21073FF2002D0ECD /* CryptoUtils.swift */ = {isa = PBXFileReference; lastKnownFileType = sourcecode.swift; path = CryptoUtils.swift; sourceTree = "<group>"; };
		8606F9BC21074028002D0ECD /* Encryptio-Bridging-Header.h */ = {isa = PBXFileReference; lastKnownFileType = sourcecode.c.h; path = "Encryptio-Bridging-Header.h"; sourceTree = "<group>"; };
		8606F9C421074446002D0ECD /* CryptoEncryptDecryptUtils.swift */ = {isa = PBXFileReference; lastKnownFileType = sourcecode.swift; path = CryptoEncryptDecryptUtils.swift; sourceTree = "<group>"; };
		8606F9C62107456A002D0ECD /* DeviceUtils.swift */ = {isa = PBXFileReference; lastKnownFileType = sourcecode.swift; path = DeviceUtils.swift; sourceTree = "<group>"; };
		8606F9C8210746D1002D0ECD /* Globals.swift */ = {isa = PBXFileReference; lastKnownFileType = sourcecode.swift; path = Globals.swift; sourceTree = "<group>"; };
		8606F9CA21074700002D0ECD /* KeyChainManager.swift */ = {isa = PBXFileReference; lastKnownFileType = sourcecode.swift; path = KeyChainManager.swift; sourceTree = "<group>"; };
		863DFF292103B22000497E4C /* Encryptio.app */ = {isa = PBXFileReference; explicitFileType = wrapper.application; includeInIndex = 0; path = Encryptio.app; sourceTree = BUILT_PRODUCTS_DIR; };
		863DFF2C2103B22000497E4C /* AppDelegate.swift */ = {isa = PBXFileReference; lastKnownFileType = sourcecode.swift; path = AppDelegate.swift; sourceTree = "<group>"; };
		863DFF2E2103B22000497E4C /* ViewController.swift */ = {isa = PBXFileReference; lastKnownFileType = sourcecode.swift; path = ViewController.swift; sourceTree = "<group>"; };
		863DFF312103B22000497E4C /* Base */ = {isa = PBXFileReference; lastKnownFileType = file.storyboard; name = Base; path = Base.lproj/Main.storyboard; sourceTree = "<group>"; };
		863DFF332103B22200497E4C /* Assets.xcassets */ = {isa = PBXFileReference; lastKnownFileType = folder.assetcatalog; path = Assets.xcassets; sourceTree = "<group>"; };
		863DFF362103B22200497E4C /* Base */ = {isa = PBXFileReference; lastKnownFileType = file.storyboard; name = Base; path = Base.lproj/LaunchScreen.storyboard; sourceTree = "<group>"; };
		863DFF382103B22200497E4C /* Info.plist */ = {isa = PBXFileReference; lastKnownFileType = text.plist.xml; path = Info.plist; sourceTree = "<group>"; };
		863DFF3D2103B22200497E4C /* EncryptioTests.xctest */ = {isa = PBXFileReference; explicitFileType = wrapper.cfbundle; includeInIndex = 0; path = EncryptioTests.xctest; sourceTree = BUILT_PRODUCTS_DIR; };
		863DFF412103B22200497E4C /* EncryptioTests.swift */ = {isa = PBXFileReference; lastKnownFileType = sourcecode.swift; path = EncryptioTests.swift; sourceTree = "<group>"; };
		863DFF432103B22200497E4C /* Info.plist */ = {isa = PBXFileReference; lastKnownFileType = text.plist.xml; path = Info.plist; sourceTree = "<group>"; };
		863DFF482103B22200497E4C /* EncryptioUITests.xctest */ = {isa = PBXFileReference; explicitFileType = wrapper.cfbundle; includeInIndex = 0; path = EncryptioUITests.xctest; sourceTree = BUILT_PRODUCTS_DIR; };
		863DFF4C2103B22200497E4C /* EncryptioUITests.swift */ = {isa = PBXFileReference; lastKnownFileType = sourcecode.swift; path = EncryptioUITests.swift; sourceTree = "<group>"; };
		863DFF4E2103B22200497E4C /* Info.plist */ = {isa = PBXFileReference; lastKnownFileType = text.plist.xml; path = Info.plist; sourceTree = "<group>"; };
		863DFF5A2103B2E700497E4C /* Callback.swift */ = {isa = PBXFileReference; lastKnownFileType = sourcecode.swift; path = Callback.swift; sourceTree = "<group>"; };
		863DFF5C2103B36C00497E4C /* RNCryptorEncryptDecryptUtils.swift */ = {isa = PBXFileReference; lastKnownFileType = sourcecode.swift; path = RNCryptorEncryptDecryptUtils.swift; sourceTree = "<group>"; };
		863DFF5E2103B41F00497E4C /* KeychainUtils.swift */ = {isa = PBXFileReference; lastKnownFileType = sourcecode.swift; path = KeychainUtils.swift; sourceTree = "<group>"; };
		986A1E1FB22FC473E4811DE5 /* Pods_Encryptio.framework */ = {isa = PBXFileReference; explicitFileType = wrapper.framework; includeInIndex = 0; path = Pods_Encryptio.framework; sourceTree = BUILT_PRODUCTS_DIR; };
		B5B8D1935000E1957FD2EE53 /* Pods-Encryptio.debug.xcconfig */ = {isa = PBXFileReference; includeInIndex = 1; lastKnownFileType = text.xcconfig; name = "Pods-Encryptio.debug.xcconfig"; path = "Pods/Target Support Files/Pods-Encryptio/Pods-Encryptio.debug.xcconfig"; sourceTree = "<group>"; };
/* End PBXFileReference section */

/* Begin PBXFrameworksBuildPhase section */
		863DFF262103B22000497E4C /* Frameworks */ = {
			isa = PBXFrameworksBuildPhase;
			buildActionMask = 2147483647;
			files = (
				4FA58001E3FCF0DDCAD3E964 /* Pods_Encryptio.framework in Frameworks */,
			);
			runOnlyForDeploymentPostprocessing = 0;
		};
		863DFF3A2103B22200497E4C /* Frameworks */ = {
			isa = PBXFrameworksBuildPhase;
			buildActionMask = 2147483647;
			files = (
			);
			runOnlyForDeploymentPostprocessing = 0;
		};
		863DFF452103B22200497E4C /* Frameworks */ = {
			isa = PBXFrameworksBuildPhase;
			buildActionMask = 2147483647;
			files = (
			);
			runOnlyForDeploymentPostprocessing = 0;
		};
/* End PBXFrameworksBuildPhase section */

/* Begin PBXGroup section */
		163ACD8D6545254ABFCF018E /* Pods */ = {
			isa = PBXGroup;
			children = (
				B5B8D1935000E1957FD2EE53 /* Pods-Encryptio.debug.xcconfig */,
				7770FBEC9D3E0BD09DDD4F85 /* Pods-Encryptio.release.xcconfig */,
			);
			name = Pods;
			sourceTree = "<group>";
		};
		60EFD80D81477C55E098D60B /* Frameworks */ = {
			isa = PBXGroup;
			children = (
				986A1E1FB22FC473E4811DE5 /* Pods_Encryptio.framework */,
			);
			name = Frameworks;
			sourceTree = "<group>";
		};
		863DFF202103B22000497E4C = {
			isa = PBXGroup;
			children = (
				863DFF2B2103B22000497E4C /* Encryptio */,
				863DFF402103B22200497E4C /* EncryptioTests */,
				863DFF4B2103B22200497E4C /* EncryptioUITests */,
				863DFF2A2103B22000497E4C /* Products */,
				163ACD8D6545254ABFCF018E /* Pods */,
				60EFD80D81477C55E098D60B /* Frameworks */,
			);
			sourceTree = "<group>";
		};
		863DFF2A2103B22000497E4C /* Products */ = {
			isa = PBXGroup;
			children = (
				863DFF292103B22000497E4C /* Encryptio.app */,
				863DFF3D2103B22200497E4C /* EncryptioTests.xctest */,
				863DFF482103B22200497E4C /* EncryptioUITests.xctest */,
			);
			name = Products;
			sourceTree = "<group>";
		};
		863DFF2B2103B22000497E4C /* Encryptio */ = {
			isa = PBXGroup;
			children = (
				863DFF2C2103B22000497E4C /* AppDelegate.swift */,
				863DFF2E2103B22000497E4C /* ViewController.swift */,
				863DFF302103B22000497E4C /* Main.storyboard */,
				863DFF332103B22200497E4C /* Assets.xcassets */,
				863DFF352103B22200497E4C /* LaunchScreen.storyboard */,
				863DFF382103B22200497E4C /* Info.plist */,
				863DFF5A2103B2E700497E4C /* Callback.swift */,
				863DFF5C2103B36C00497E4C /* RNCryptorEncryptDecryptUtils.swift */,
				863DFF5E2103B41F00497E4C /* KeychainUtils.swift */,
				8606F9BA21073FF2002D0ECD /* CryptoUtils.swift */,
				8606F9BC21074028002D0ECD /* Encryptio-Bridging-Header.h */,
				8606F9C421074446002D0ECD /* CryptoEncryptDecryptUtils.swift */,
				8606F9C62107456A002D0ECD /* DeviceUtils.swift */,
				8606F9C8210746D1002D0ECD /* Globals.swift */,
				8606F9CA21074700002D0ECD /* KeyChainManager.swift */,
			);
			path = Encryptio;
			sourceTree = "<group>";
		};
		863DFF402103B22200497E4C /* EncryptioTests */ = {
			isa = PBXGroup;
			children = (
				863DFF412103B22200497E4C /* EncryptioTests.swift */,
				863DFF432103B22200497E4C /* Info.plist */,
			);
			path = EncryptioTests;
			sourceTree = "<group>";
		};
		863DFF4B2103B22200497E4C /* EncryptioUITests */ = {
			isa = PBXGroup;
			children = (
				863DFF4C2103B22200497E4C /* EncryptioUITests.swift */,
				863DFF4E2103B22200497E4C /* Info.plist */,
			);
			path = EncryptioUITests;
			sourceTree = "<group>";
		};
/* End PBXGroup section */

/* Begin PBXNativeTarget section */
		863DFF282103B22000497E4C /* Encryptio */ = {
			isa = PBXNativeTarget;
			buildConfigurationList = 863DFF512103B22200497E4C /* Build configuration list for PBXNativeTarget "Encryptio" */;
			buildPhases = (
				8E07F911B06CF0A5A517D758 /* [CP] Check Pods Manifest.lock */,
				863DFF252103B22000497E4C /* Sources */,
				863DFF262103B22000497E4C /* Frameworks */,
				863DFF272103B22000497E4C /* Resources */,
				F894A12227F648B8995889EB /* [CP] Embed Pods Frameworks */,
			);
			buildRules = (
			);
			dependencies = (
			);
			name = Encryptio;
			productName = Encryptio;
			productReference = 863DFF292103B22000497E4C /* Encryptio.app */;
			productType = "com.apple.product-type.application";
		};
		863DFF3C2103B22200497E4C /* EncryptioTests */ = {
			isa = PBXNativeTarget;
			buildConfigurationList = 863DFF542103B22200497E4C /* Build configuration list for PBXNativeTarget "EncryptioTests" */;
			buildPhases = (
				863DFF392103B22200497E4C /* Sources */,
				863DFF3A2103B22200497E4C /* Frameworks */,
				863DFF3B2103B22200497E4C /* Resources */,
			);
			buildRules = (
			);
			dependencies = (
				863DFF3F2103B22200497E4C /* PBXTargetDependency */,
			);
			name = EncryptioTests;
			productName = EncryptioTests;
			productReference = 863DFF3D2103B22200497E4C /* EncryptioTests.xctest */;
			productType = "com.apple.product-type.bundle.unit-test";
		};
		863DFF472103B22200497E4C /* EncryptioUITests */ = {
			isa = PBXNativeTarget;
			buildConfigurationList = 863DFF572103B22200497E4C /* Build configuration list for PBXNativeTarget "EncryptioUITests" */;
			buildPhases = (
				863DFF442103B22200497E4C /* Sources */,
				863DFF452103B22200497E4C /* Frameworks */,
				863DFF462103B22200497E4C /* Resources */,
			);
			buildRules = (
			);
			dependencies = (
				863DFF4A2103B22200497E4C /* PBXTargetDependency */,
			);
			name = EncryptioUITests;
			productName = EncryptioUITests;
			productReference = 863DFF482103B22200497E4C /* EncryptioUITests.xctest */;
			productType = "com.apple.product-type.bundle.ui-testing";
		};
/* End PBXNativeTarget section */

/* Begin PBXProject section */
		863DFF212103B22000497E4C /* Project object */ = {
			isa = PBXProject;
			attributes = {
				LastSwiftUpdateCheck = 0930;
				LastUpgradeCheck = 0930;
				ORGANIZATIONNAME = anum.qudsia;
				TargetAttributes = {
					8606F9BF21074198002D0ECD = {
						CreatedOnToolsVersion = 9.4.1;
					};
					863DFF282103B22000497E4C = {
						CreatedOnToolsVersion = 9.3;
						LastSwiftMigration = 0940;
					};
					863DFF3C2103B22200497E4C = {
						CreatedOnToolsVersion = 9.3;
						TestTargetID = 863DFF282103B22000497E4C;
					};
					863DFF472103B22200497E4C = {
						CreatedOnToolsVersion = 9.3;
						TestTargetID = 863DFF282103B22000497E4C;
					};
				};
			};
			buildConfigurationList = 863DFF242103B22000497E4C /* Build configuration list for PBXProject "Encryptio" */;
			compatibilityVersion = "Xcode 9.3";
			developmentRegion = en;
			hasScannedForEncodings = 0;
			knownRegions = (
				en,
				Base,
			);
			mainGroup = 863DFF202103B22000497E4C;
			productRefGroup = 863DFF2A2103B22000497E4C /* Products */;
			projectDirPath = "";
			projectRoot = "";
			targets = (
				863DFF282103B22000497E4C /* Encryptio */,
				863DFF3C2103B22200497E4C /* EncryptioTests */,
				863DFF472103B22200497E4C /* EncryptioUITests */,
				8606F9BF21074198002D0ECD /* CommonCryptoModuleMap */,
			);
		};
/* End PBXProject section */

/* Begin PBXResourcesBuildPhase section */
		863DFF272103B22000497E4C /* Resources */ = {
			isa = PBXResourcesBuildPhase;
			buildActionMask = 2147483647;
			files = (
				863DFF372103B22200497E4C /* LaunchScreen.storyboard in Resources */,
				863DFF342103B22200497E4C /* Assets.xcassets in Resources */,
				863DFF322103B22000497E4C /* Main.storyboard in Resources */,
			);
			runOnlyForDeploymentPostprocessing = 0;
		};
		863DFF3B2103B22200497E4C /* Resources */ = {
			isa = PBXResourcesBuildPhase;
			buildActionMask = 2147483647;
			files = (
			);
			runOnlyForDeploymentPostprocessing = 0;
		};
		863DFF462103B22200497E4C /* Resources */ = {
			isa = PBXResourcesBuildPhase;
			buildActionMask = 2147483647;
			files = (
			);
			runOnlyForDeploymentPostprocessing = 0;
		};
/* End PBXResourcesBuildPhase section */

/* Begin PBXShellScriptBuildPhase section */
		8606F9C3210741A4002D0ECD /* ShellScript */ = {
			isa = PBXShellScriptBuildPhase;
			buildActionMask = 2147483647;
			files = (
			);
			inputPaths = (
			);
			outputPaths = (
			);
			runOnlyForDeploymentPostprocessing = 0;
			shellPath = /bin/sh;
			shellScript = "# This if-statement means we'll only run the main script if the CommonCryptoModuleMap directory doesn't exist\n# Because otherwise the rest of the script causes a full recompile for anything where CommonCrypto is a dependency\n# Do a \"Clean Build Folder\" to remove this directory and trigger the rest of the script to run\nif [ -d \"${BUILT_PRODUCTS_DIR}/CommonCryptoModuleMap\" ]; then\necho \"${BUILT_PRODUCTS_DIR}/CommonCryptoModuleMap directory already exists, so skipping the rest of the script.\"\nexit 0\nfi\n\nmkdir -p \"${BUILT_PRODUCTS_DIR}/CommonCryptoModuleMap\"\ncat <<EOF > \"${BUILT_PRODUCTS_DIR}/CommonCryptoModuleMap/module.modulemap\"\nmodule CommonCrypto [system] {\n    header \"${SDKROOT}/usr/include/CommonCrypto/CommonCryptor.h\"\n    export *\n}\nEOF";
		};
		8E07F911B06CF0A5A517D758 /* [CP] Check Pods Manifest.lock */ = {
			isa = PBXShellScriptBuildPhase;
			buildActionMask = 2147483647;
			files = (
			);
			inputPaths = (
				"${PODS_PODFILE_DIR_PATH}/Podfile.lock",
				"${PODS_ROOT}/Manifest.lock",
			);
			name = "[CP] Check Pods Manifest.lock";
			outputPaths = (
				"$(DERIVED_FILE_DIR)/Pods-Encryptio-checkManifestLockResult.txt",
			);
			runOnlyForDeploymentPostprocessing = 0;
			shellPath = /bin/sh;
			shellScript = "diff \"${PODS_PODFILE_DIR_PATH}/Podfile.lock\" \"${PODS_ROOT}/Manifest.lock\" > /dev/null\nif [ $? != 0 ] ; then\n    # print error to STDERR\n    echo \"error: The sandbox is not in sync with the Podfile.lock. Run 'pod install' or update your CocoaPods installation.\" >&2\n    exit 1\nfi\n# This output is used by Xcode 'outputs' to avoid re-running this script phase.\necho \"SUCCESS\" > \"${SCRIPT_OUTPUT_FILE_0}\"\n";
			showEnvVarsInLog = 0;
		};
		F894A12227F648B8995889EB /* [CP] Embed Pods Frameworks */ = {
			isa = PBXShellScriptBuildPhase;
			buildActionMask = 2147483647;
			files = (
			);
			inputPaths = (
				"${SRCROOT}/Pods/Target Support Files/Pods-Encryptio/Pods-Encryptio-frameworks.sh",
				"${BUILT_PRODUCTS_DIR}/CryptoSwift/CryptoSwift.framework",
				"${BUILT_PRODUCTS_DIR}/RNCryptor/RNCryptor.framework",
			);
			name = "[CP] Embed Pods Frameworks";
			outputPaths = (
				"${TARGET_BUILD_DIR}/${FRAMEWORKS_FOLDER_PATH}/CryptoSwift.framework",
				"${TARGET_BUILD_DIR}/${FRAMEWORKS_FOLDER_PATH}/RNCryptor.framework",
			);
			runOnlyForDeploymentPostprocessing = 0;
			shellPath = /bin/sh;
			shellScript = "\"${SRCROOT}/Pods/Target Support Files/Pods-Encryptio/Pods-Encryptio-frameworks.sh\"\n";
			showEnvVarsInLog = 0;
		};
/* End PBXShellScriptBuildPhase section */

/* Begin PBXSourcesBuildPhase section */
		863DFF252103B22000497E4C /* Sources */ = {
			isa = PBXSourcesBuildPhase;
			buildActionMask = 2147483647;
			files = (
				863DFF2F2103B22000497E4C /* ViewController.swift in Sources */,
				863DFF5D2103B36C00497E4C /* RNCryptorEncryptDecryptUtils.swift in Sources */,
				8606F9C521074446002D0ECD /* CryptoEncryptDecryptUtils.swift in Sources */,
				8606F9BB21073FF2002D0ECD /* CryptoUtils.swift in Sources */,
				863DFF5B2103B2E700497E4C /* Callback.swift in Sources */,
				8606F9C72107456A002D0ECD /* DeviceUtils.swift in Sources */,
				863DFF5F2103B41F00497E4C /* KeychainUtils.swift in Sources */,
				8606F9CB21074700002D0ECD /* KeyChainManager.swift in Sources */,
				863DFF2D2103B22000497E4C /* AppDelegate.swift in Sources */,
				8606F9C9210746D1002D0ECD /* Globals.swift in Sources */,
			);
			runOnlyForDeploymentPostprocessing = 0;
		};
		863DFF392103B22200497E4C /* Sources */ = {
			isa = PBXSourcesBuildPhase;
			buildActionMask = 2147483647;
			files = (
				863DFF422103B22200497E4C /* EncryptioTests.swift in Sources */,
			);
			runOnlyForDeploymentPostprocessing = 0;
		};
		863DFF442103B22200497E4C /* Sources */ = {
			isa = PBXSourcesBuildPhase;
			buildActionMask = 2147483647;
			files = (
				863DFF4D2103B22200497E4C /* EncryptioUITests.swift in Sources */,
			);
			runOnlyForDeploymentPostprocessing = 0;
		};
/* End PBXSourcesBuildPhase section */

/* Begin PBXTargetDependency section */
		863DFF3F2103B22200497E4C /* PBXTargetDependency */ = {
			isa = PBXTargetDependency;
			target = 863DFF282103B22000497E4C /* Encryptio */;
			targetProxy = 863DFF3E2103B22200497E4C /* PBXContainerItemProxy */;
		};
		863DFF4A2103B22200497E4C /* PBXTargetDependency */ = {
			isa = PBXTargetDependency;
			target = 863DFF282103B22000497E4C /* Encryptio */;
			targetProxy = 863DFF492103B22200497E4C /* PBXContainerItemProxy */;
		};
/* End PBXTargetDependency section */

/* Begin PBXVariantGroup section */
		863DFF302103B22000497E4C /* Main.storyboard */ = {
			isa = PBXVariantGroup;
			children = (
				863DFF312103B22000497E4C /* Base */,
			);
			name = Main.storyboard;
			sourceTree = "<group>";
		};
		863DFF352103B22200497E4C /* LaunchScreen.storyboard */ = {
			isa = PBXVariantGroup;
			children = (
				863DFF362103B22200497E4C /* Base */,
			);
			name = LaunchScreen.storyboard;
			sourceTree = "<group>";
		};
/* End PBXVariantGroup section */

/* Begin XCBuildConfiguration section */
		8606F9C121074198002D0ECD /* Debug */ = {
			isa = XCBuildConfiguration;
			buildSettings = {
				CODE_SIGN_STYLE = Automatic;
				DEVELOPMENT_TEAM = 79RT3PDQ26;
				PRODUCT_NAME = "$(TARGET_NAME)";
			};
			name = Debug;
		};
		8606F9C221074198002D0ECD /* Release */ = {
			isa = XCBuildConfiguration;
			buildSettings = {
				CODE_SIGN_STYLE = Automatic;
				DEVELOPMENT_TEAM = 79RT3PDQ26;
				PRODUCT_NAME = "$(TARGET_NAME)";
			};
			name = Release;
		};
		863DFF4F2103B22200497E4C /* Debug */ = {
			isa = XCBuildConfiguration;
			buildSettings = {
				ALWAYS_SEARCH_USER_PATHS = NO;
				CLANG_ANALYZER_NONNULL = YES;
				CLANG_ANALYZER_NUMBER_OBJECT_CONVERSION = YES_AGGRESSIVE;
				CLANG_CXX_LANGUAGE_STANDARD = "gnu++14";
				CLANG_CXX_LIBRARY = "libc++";
				CLANG_ENABLE_MODULES = YES;
				CLANG_ENABLE_OBJC_ARC = YES;
				CLANG_ENABLE_OBJC_WEAK = YES;
				CLANG_WARN_BLOCK_CAPTURE_AUTORELEASING = YES;
				CLANG_WARN_BOOL_CONVERSION = YES;
				CLANG_WARN_COMMA = YES;
				CLANG_WARN_CONSTANT_CONVERSION = YES;
				CLANG_WARN_DEPRECATED_OBJC_IMPLEMENTATIONS = YES;
				CLANG_WARN_DIRECT_OBJC_ISA_USAGE = YES_ERROR;
				CLANG_WARN_DOCUMENTATION_COMMENTS = YES;
				CLANG_WARN_EMPTY_BODY = YES;
				CLANG_WARN_ENUM_CONVERSION = YES;
				CLANG_WARN_INFINITE_RECURSION = YES;
				CLANG_WARN_INT_CONVERSION = YES;
				CLANG_WARN_NON_LITERAL_NULL_CONVERSION = YES;
				CLANG_WARN_OBJC_IMPLICIT_RETAIN_SELF = YES;
				CLANG_WARN_OBJC_LITERAL_CONVERSION = YES;
				CLANG_WARN_OBJC_ROOT_CLASS = YES_ERROR;
				CLANG_WARN_RANGE_LOOP_ANALYSIS = YES;
				CLANG_WARN_STRICT_PROTOTYPES = YES;
				CLANG_WARN_SUSPICIOUS_MOVE = YES;
				CLANG_WARN_UNGUARDED_AVAILABILITY = YES_AGGRESSIVE;
				CLANG_WARN_UNREACHABLE_CODE = YES;
				CLANG_WARN__DUPLICATE_METHOD_MATCH = YES;
				CODE_SIGN_IDENTITY = "iPhone Developer";
				COPY_PHASE_STRIP = NO;
				DEBUG_INFORMATION_FORMAT = dwarf;
				ENABLE_STRICT_OBJC_MSGSEND = YES;
				ENABLE_TESTABILITY = YES;
				GCC_C_LANGUAGE_STANDARD = gnu11;
				GCC_DYNAMIC_NO_PIC = NO;
				GCC_NO_COMMON_BLOCKS = YES;
				GCC_OPTIMIZATION_LEVEL = 0;
				GCC_PREPROCESSOR_DEFINITIONS = (
					"DEBUG=1",
					"$(inherited)",
				);
				GCC_WARN_64_TO_32_BIT_CONVERSION = YES;
				GCC_WARN_ABOUT_RETURN_TYPE = YES_ERROR;
				GCC_WARN_UNDECLARED_SELECTOR = YES;
				GCC_WARN_UNINITIALIZED_AUTOS = YES_AGGRESSIVE;
				GCC_WARN_UNUSED_FUNCTION = YES;
				GCC_WARN_UNUSED_VARIABLE = YES;
				IPHONEOS_DEPLOYMENT_TARGET = 11.3;
				MTL_ENABLE_DEBUG_INFO = YES;
				ONLY_ACTIVE_ARCH = YES;
				SDKROOT = iphoneos;
				SWIFT_ACTIVE_COMPILATION_CONDITIONS = DEBUG;
				SWIFT_OPTIMIZATION_LEVEL = "-Onone";
				SWIFT_VERSION = 3.0;
			};
			name = Debug;
		};
		863DFF502103B22200497E4C /* Release */ = {
			isa = XCBuildConfiguration;
			buildSettings = {
				ALWAYS_SEARCH_USER_PATHS = NO;
				CLANG_ANALYZER_NONNULL = YES;
				CLANG_ANALYZER_NUMBER_OBJECT_CONVERSION = YES_AGGRESSIVE;
				CLANG_CXX_LANGUAGE_STANDARD = "gnu++14";
				CLANG_CXX_LIBRARY = "libc++";
				CLANG_ENABLE_MODULES = YES;
				CLANG_ENABLE_OBJC_ARC = YES;
				CLANG_ENABLE_OBJC_WEAK = YES;
				CLANG_WARN_BLOCK_CAPTURE_AUTORELEASING = YES;
				CLANG_WARN_BOOL_CONVERSION = YES;
				CLANG_WARN_COMMA = YES;
				CLANG_WARN_CONSTANT_CONVERSION = YES;
				CLANG_WARN_DEPRECATED_OBJC_IMPLEMENTATIONS = YES;
				CLANG_WARN_DIRECT_OBJC_ISA_USAGE = YES_ERROR;
				CLANG_WARN_DOCUMENTATION_COMMENTS = YES;
				CLANG_WARN_EMPTY_BODY = YES;
				CLANG_WARN_ENUM_CONVERSION = YES;
				CLANG_WARN_INFINITE_RECURSION = YES;
				CLANG_WARN_INT_CONVERSION = YES;
				CLANG_WARN_NON_LITERAL_NULL_CONVERSION = YES;
				CLANG_WARN_OBJC_IMPLICIT_RETAIN_SELF = YES;
				CLANG_WARN_OBJC_LITERAL_CONVERSION = YES;
				CLANG_WARN_OBJC_ROOT_CLASS = YES_ERROR;
				CLANG_WARN_RANGE_LOOP_ANALYSIS = YES;
				CLANG_WARN_STRICT_PROTOTYPES = YES;
				CLANG_WARN_SUSPICIOUS_MOVE = YES;
				CLANG_WARN_UNGUARDED_AVAILABILITY = YES_AGGRESSIVE;
				CLANG_WARN_UNREACHABLE_CODE = YES;
				CLANG_WARN__DUPLICATE_METHOD_MATCH = YES;
				CODE_SIGN_IDENTITY = "iPhone Developer";
				COPY_PHASE_STRIP = NO;
				DEBUG_INFORMATION_FORMAT = "dwarf-with-dsym";
				ENABLE_NS_ASSERTIONS = NO;
				ENABLE_STRICT_OBJC_MSGSEND = YES;
				GCC_C_LANGUAGE_STANDARD = gnu11;
				GCC_NO_COMMON_BLOCKS = YES;
				GCC_WARN_64_TO_32_BIT_CONVERSION = YES;
				GCC_WARN_ABOUT_RETURN_TYPE = YES_ERROR;
				GCC_WARN_UNDECLARED_SELECTOR = YES;
				GCC_WARN_UNINITIALIZED_AUTOS = YES_AGGRESSIVE;
				GCC_WARN_UNUSED_FUNCTION = YES;
				GCC_WARN_UNUSED_VARIABLE = YES;
				IPHONEOS_DEPLOYMENT_TARGET = 11.3;
				MTL_ENABLE_DEBUG_INFO = NO;
				SDKROOT = iphoneos;
				SWIFT_COMPILATION_MODE = wholemodule;
				SWIFT_OPTIMIZATION_LEVEL = "-O";
				SWIFT_VERSION = 3.0;
				VALIDATE_PRODUCT = YES;
			};
			name = Release;
		};
		863DFF522103B22200497E4C /* Debug */ = {
			isa = XCBuildConfiguration;
			baseConfigurationReference = B5B8D1935000E1957FD2EE53 /* Pods-Encryptio.debug.xcconfig */;
			buildSettings = {
				ASSETCATALOG_COMPILER_APPICON_NAME = AppIcon;
				CLANG_ENABLE_MODULES = YES;
				CODE_SIGN_IDENTITY = "iPhone Developer";
				CODE_SIGN_STYLE = Automatic;
				DEVELOPMENT_TEAM = 56GVCPM9J4;
				INFOPLIST_FILE = Encryptio/Info.plist;
				LD_RUNPATH_SEARCH_PATHS = (
					"$(inherited)",
					"@executable_path/Frameworks",
				);
				PRODUCT_BUNDLE_IDENTIFIER = anum.qudsia.Encryptio;
				PRODUCT_NAME = "$(TARGET_NAME)";
				PROVISIONING_PROFILE_SPECIFIER = "";
				SWIFT_INCLUDE_PATHS = "";
				SWIFT_OBJC_BRIDGING_HEADER = "Encryptio/Encryptio-Bridging-Header.h";
				SWIFT_OPTIMIZATION_LEVEL = "-Onone";
				SWIFT_VERSION = 4.0;
				TARGETED_DEVICE_FAMILY = "1,2";
			};
			name = Debug;
		};
		863DFF532103B22200497E4C /* Release */ = {
			isa = XCBuildConfiguration;
			baseConfigurationReference = 7770FBEC9D3E0BD09DDD4F85 /* Pods-Encryptio.release.xcconfig */;
			buildSettings = {
				ASSETCATALOG_COMPILER_APPICON_NAME = AppIcon;
				CLANG_ENABLE_MODULES = YES;
				CODE_SIGN_IDENTITY = "iPhone Developer";
				CODE_SIGN_STYLE = Automatic;
				DEVELOPMENT_TEAM = 56GVCPM9J4;
				INFOPLIST_FILE = Encryptio/Info.plist;
				LD_RUNPATH_SEARCH_PATHS = (
					"$(inherited)",
					"@executable_path/Frameworks",
				);
				PRODUCT_BUNDLE_IDENTIFIER = anum.qudsia.Encryptio;
				PRODUCT_NAME = "$(TARGET_NAME)";
				PROVISIONING_PROFILE_SPECIFIER = "";
				SWIFT_INCLUDE_PATHS = "";
				SWIFT_OBJC_BRIDGING_HEADER = "Encryptio/Encryptio-Bridging-Header.h";
				SWIFT_VERSION = 4.0;
				TARGETED_DEVICE_FAMILY = "1,2";
			};
			name = Release;
		};
		863DFF552103B22200497E4C /* Debug */ = {
			isa = XCBuildConfiguration;
			buildSettings = {
				ALWAYS_EMBED_SWIFT_STANDARD_LIBRARIES = YES;
				BUNDLE_LOADER = "$(TEST_HOST)";
				CODE_SIGN_STYLE = Automatic;
				INFOPLIST_FILE = EncryptioTests/Info.plist;
				LD_RUNPATH_SEARCH_PATHS = (
					"$(inherited)",
					"@executable_path/Frameworks",
					"@loader_path/Frameworks",
				);
				PRODUCT_BUNDLE_IDENTIFIER = anum.qudsia.EncryptioTests;
				PRODUCT_NAME = "$(TARGET_NAME)";
				SWIFT_VERSION = 4.0;
				TARGETED_DEVICE_FAMILY = "1,2";
				TEST_HOST = "$(BUILT_PRODUCTS_DIR)/Encryptio.app/Encryptio";
			};
			name = Debug;
		};
		863DFF562103B22200497E4C /* Release */ = {
			isa = XCBuildConfiguration;
			buildSettings = {
				ALWAYS_EMBED_SWIFT_STANDARD_LIBRARIES = YES;
				BUNDLE_LOADER = "$(TEST_HOST)";
				CODE_SIGN_STYLE = Automatic;
				INFOPLIST_FILE = EncryptioTests/Info.plist;
				LD_RUNPATH_SEARCH_PATHS = (
					"$(inherited)",
					"@executable_path/Frameworks",
					"@loader_path/Frameworks",
				);
				PRODUCT_BUNDLE_IDENTIFIER = anum.qudsia.EncryptioTests;
				PRODUCT_NAME = "$(TARGET_NAME)";
				SWIFT_VERSION = 4.0;
				TARGETED_DEVICE_FAMILY = "1,2";
				TEST_HOST = "$(BUILT_PRODUCTS_DIR)/Encryptio.app/Encryptio";
			};
			name = Release;
		};
		863DFF582103B22200497E4C /* Debug */ = {
			isa = XCBuildConfiguration;
			buildSettings = {
				ALWAYS_EMBED_SWIFT_STANDARD_LIBRARIES = YES;
				CODE_SIGN_STYLE = Automatic;
				INFOPLIST_FILE = EncryptioUITests/Info.plist;
				LD_RUNPATH_SEARCH_PATHS = (
					"$(inherited)",
					"@executable_path/Frameworks",
					"@loader_path/Frameworks",
				);
				PRODUCT_BUNDLE_IDENTIFIER = anum.qudsia.EncryptioUITests;
				PRODUCT_NAME = "$(TARGET_NAME)";
				SWIFT_VERSION = 4.0;
				TARGETED_DEVICE_FAMILY = "1,2";
				TEST_TARGET_NAME = Encryptio;
			};
			name = Debug;
		};
		863DFF592103B22200497E4C /* Release */ = {
			isa = XCBuildConfiguration;
			buildSettings = {
				ALWAYS_EMBED_SWIFT_STANDARD_LIBRARIES = YES;
				CODE_SIGN_STYLE = Automatic;
				INFOPLIST_FILE = EncryptioUITests/Info.plist;
				LD_RUNPATH_SEARCH_PATHS = (
					"$(inherited)",
					"@executable_path/Frameworks",
					"@loader_path/Frameworks",
				);
				PRODUCT_BUNDLE_IDENTIFIER = anum.qudsia.EncryptioUITests;
				PRODUCT_NAME = "$(TARGET_NAME)";
				SWIFT_VERSION = 4.0;
				TARGETED_DEVICE_FAMILY = "1,2";
				TEST_TARGET_NAME = Encryptio;
			};
			name = Release;
		};
/* End XCBuildConfiguration section */

/* Begin XCConfigurationList section */
		8606F9C021074198002D0ECD /* Build configuration list for PBXAggregateTarget "CommonCryptoModuleMap" */ = {
			isa = XCConfigurationList;
			buildConfigurations = (
				8606F9C121074198002D0ECD /* Debug */,
				8606F9C221074198002D0ECD /* Release */,
			);
			defaultConfigurationIsVisible = 0;
			defaultConfigurationName = Release;
		};
		863DFF242103B22000497E4C /* Build configuration list for PBXProject "Encryptio" */ = {
			isa = XCConfigurationList;
			buildConfigurations = (
				863DFF4F2103B22200497E4C /* Debug */,
				863DFF502103B22200497E4C /* Release */,
			);
			defaultConfigurationIsVisible = 0;
			defaultConfigurationName = Release;
		};
		863DFF512103B22200497E4C /* Build configuration list for PBXNativeTarget "Encryptio" */ = {
			isa = XCConfigurationList;
			buildConfigurations = (
				863DFF522103B22200497E4C /* Debug */,
				863DFF532103B22200497E4C /* Release */,
			);
			defaultConfigurationIsVisible = 0;
			defaultConfigurationName = Release;
		};
		863DFF542103B22200497E4C /* Build configuration list for PBXNativeTarget "EncryptioTests" */ = {
			isa = XCConfigurationList;
			buildConfigurations = (
				863DFF552103B22200497E4C /* Debug */,
				863DFF562103B22200497E4C /* Release */,
			);
			defaultConfigurationIsVisible = 0;
			defaultConfigurationName = Release;
		};
		863DFF572103B22200497E4C /* Build configuration list for PBXNativeTarget "EncryptioUITests" */ = {
			isa = XCConfigurationList;
			buildConfigurations = (
				863DFF582103B22200497E4C /* Debug */,
				863DFF592103B22200497E4C /* Release */,
			);
			defaultConfigurationIsVisible = 0;
			defaultConfigurationName = Release;
		};
/* End XCConfigurationList section */
	};
	rootObject = 863DFF212103B22000497E4C /* Project object */;
}
